// !$*UTF8*$!
{
	archiveVersion = 1;
	classes = {
	};
	objectVersion = 46;
	objects = {

/* Begin PBXBuildFile section */
		1114AEC2199E6FCB004BE887 /* AppDelegate.swift in Sources */ = {isa = PBXBuildFile; fileRef = 1114AEC1199E6FCB004BE887 /* AppDelegate.swift */; };
		1114AEC5199E6FCB004BE887 /* conferenceMate.xcdatamodeld in Sources */ = {isa = PBXBuildFile; fileRef = 1114AEC3199E6FCB004BE887 /* conferenceMate.xcdatamodeld */; };
		1114AEC7199E6FCB004BE887 /* ListOfConferencesViewController.swift in Sources */ = {isa = PBXBuildFile; fileRef = 1114AEC6199E6FCB004BE887 /* ListOfConferencesViewController.swift */; };
		1114AEC9199E6FCB004BE887 /* ConferenceViewController.swift in Sources */ = {isa = PBXBuildFile; fileRef = 1114AEC8199E6FCB004BE887 /* ConferenceViewController.swift */; };
		1114AECC199E6FCB004BE887 /* Main.storyboard in Resources */ = {isa = PBXBuildFile; fileRef = 1114AECA199E6FCB004BE887 /* Main.storyboard */; };
		1114AECE199E6FCB004BE887 /* Images.xcassets in Resources */ = {isa = PBXBuildFile; fileRef = 1114AECD199E6FCB004BE887 /* Images.xcassets */; };
		1114AEDA199E6FCB004BE887 /* conferenceMateTests.swift in Sources */ = {isa = PBXBuildFile; fileRef = 1114AED9199E6FCB004BE887 /* conferenceMateTests.swift */; };
		1153181A19A01FFB00F4BA9A /* EventViewController.swift in Sources */ = {isa = PBXBuildFile; fileRef = 1153181919A01FFB00F4BA9A /* EventViewController.swift */; };
/* End PBXBuildFile section */

/* Begin PBXContainerItemProxy section */
		1114AED4199E6FCB004BE887 /* PBXContainerItemProxy */ = {
			isa = PBXContainerItemProxy;
			containerPortal = 1114AEB4199E6FCB004BE887 /* Project object */;
			proxyType = 1;
			remoteGlobalIDString = 1114AEBB199E6FCB004BE887;
			remoteInfo = conferenceMate;
		};
/* End PBXContainerItemProxy section */

/* Begin PBXFileReference section */
		1114AEBC199E6FCB004BE887 /* conferenceMate.app */ = {isa = PBXFileReference; explicitFileType = wrapper.application; includeInIndex = 0; path = conferenceMate.app; sourceTree = BUILT_PRODUCTS_DIR; };
		1114AEC0199E6FCB004BE887 /* Info.plist */ = {isa = PBXFileReference; lastKnownFileType = text.plist.xml; path = Info.plist; sourceTree = "<group>"; };
		1114AEC1199E6FCB004BE887 /* AppDelegate.swift */ = {isa = PBXFileReference; lastKnownFileType = sourcecode.swift; path = AppDelegate.swift; sourceTree = "<group>"; };
		1114AEC4199E6FCB004BE887 /* conferenceMate.xcdatamodel */ = {isa = PBXFileReference; lastKnownFileType = wrapper.xcdatamodel; path = conferenceMate.xcdatamodel; sourceTree = "<group>"; };
		1114AEC6199E6FCB004BE887 /* ListOfConferencesViewController.swift */ = {isa = PBXFileReference; lastKnownFileType = sourcecode.swift; path = ListOfConferencesViewController.swift; sourceTree = "<group>"; };
		1114AEC8199E6FCB004BE887 /* ConferenceViewController.swift */ = {isa = PBXFileReference; lastKnownFileType = sourcecode.swift; path = ConferenceViewController.swift; sourceTree = "<group>"; };
		1114AECB199E6FCB004BE887 /* Base */ = {isa = PBXFileReference; lastKnownFileType = file.storyboard; name = Base; path = Base.lproj/Main.storyboard; sourceTree = "<group>"; };
		1114AECD199E6FCB004BE887 /* Images.xcassets */ = {isa = PBXFileReference; lastKnownFileType = folder.assetcatalog; path = Images.xcassets; sourceTree = "<group>"; };
		1114AED3199E6FCB004BE887 /* conferenceMateTests.xctest */ = {isa = PBXFileReference; explicitFileType = wrapper.cfbundle; includeInIndex = 0; path = conferenceMateTests.xctest; sourceTree = BUILT_PRODUCTS_DIR; };
		1114AED8199E6FCB004BE887 /* Info.plist */ = {isa = PBXFileReference; lastKnownFileType = text.plist.xml; path = Info.plist; sourceTree = "<group>"; };
		1114AED9199E6FCB004BE887 /* conferenceMateTests.swift */ = {isa = PBXFileReference; lastKnownFileType = sourcecode.swift; path = conferenceMateTests.swift; sourceTree = "<group>"; };
		1153181919A01FFB00F4BA9A /* EventViewController.swift */ = {isa = PBXFileReference; fileEncoding = 4; lastKnownFileType = sourcecode.swift; path = EventViewController.swift; sourceTree = "<group>"; };
/* End PBXFileReference section */

/* Begin PBXFrameworksBuildPhase section */
		1114AEB9199E6FCB004BE887 /* Frameworks */ = {
			isa = PBXFrameworksBuildPhase;
			buildActionMask = 2147483647;
			files = (
			);
			runOnlyForDeploymentPostprocessing = 0;
		};
		1114AED0199E6FCB004BE887 /* Frameworks */ = {
			isa = PBXFrameworksBuildPhase;
			buildActionMask = 2147483647;
			files = (
			);
			runOnlyForDeploymentPostprocessing = 0;
		};
/* End PBXFrameworksBuildPhase section */

/* Begin PBXGroup section */
		1114AEB3199E6FCB004BE887 = {
			isa = PBXGroup;
			children = (
				1114AEBE199E6FCB004BE887 /* conferenceMate */,
				1114AED6199E6FCB004BE887 /* conferenceMateTests */,
				1114AEBD199E6FCB004BE887 /* Products */,
			);
			sourceTree = "<group>";
		};
		1114AEBD199E6FCB004BE887 /* Products */ = {
			isa = PBXGroup;
			children = (
				1114AEBC199E6FCB004BE887 /* conferenceMate.app */,
				1114AED3199E6FCB004BE887 /* conferenceMateTests.xctest */,
			);
			name = Products;
			sourceTree = "<group>";
		};
		1114AEBE199E6FCB004BE887 /* conferenceMate */ = {
			isa = PBXGroup;
			children = (
				1114AEC1199E6FCB004BE887 /* AppDelegate.swift */,
				1114AEC6199E6FCB004BE887 /* ListOfConferencesViewController.swift */,
				1114AEC8199E6FCB004BE887 /* ConferenceViewController.swift */,
				1153181919A01FFB00F4BA9A /* EventViewController.swift */,
				1114AECA199E6FCB004BE887 /* Main.storyboard */,
				1114AECD199E6FCB004BE887 /* Images.xcassets */,
				1114AEC3199E6FCB004BE887 /* conferenceMate.xcdatamodeld */,
				1114AEBF199E6FCB004BE887 /* Supporting Files */,
			);
			path = conferenceMate;
			sourceTree = "<group>";
		};
		1114AEBF199E6FCB004BE887 /* Supporting Files */ = {
			isa = PBXGroup;
			children = (
				1114AEC0199E6FCB004BE887 /* Info.plist */,
			);
			name = "Supporting Files";
			sourceTree = "<group>";
		};
		1114AED6199E6FCB004BE887 /* conferenceMateTests */ = {
			isa = PBXGroup;
			children = (
				1114AED9199E6FCB004BE887 /* conferenceMateTests.swift */,
				1114AED7199E6FCB004BE887 /* Supporting Files */,
			);
			path = conferenceMateTests;
			sourceTree = "<group>";
		};
		1114AED7199E6FCB004BE887 /* Supporting Files */ = {
			isa = PBXGroup;
			children = (
				1114AED8199E6FCB004BE887 /* Info.plist */,
			);
			name = "Supporting Files";
			sourceTree = "<group>";
		};
/* End PBXGroup section */

/* Begin PBXNativeTarget section */
		1114AEBB199E6FCB004BE887 /* conferenceMate */ = {
			isa = PBXNativeTarget;
			buildConfigurationList = 1114AEDD199E6FCB004BE887 /* Build configuration list for PBXNativeTarget "conferenceMate" */;
			buildPhases = (
				1114AEB8199E6FCB004BE887 /* Sources */,
				1114AEB9199E6FCB004BE887 /* Frameworks */,
				1114AEBA199E6FCB004BE887 /* Resources */,
			);
			buildRules = (
			);
			dependencies = (
			);
			name = conferenceMate;
			productName = conferenceMate;
			productReference = 1114AEBC199E6FCB004BE887 /* conferenceMate.app */;
			productType = "com.apple.product-type.application";
		};
		1114AED2199E6FCB004BE887 /* conferenceMateTests */ = {
			isa = PBXNativeTarget;
			buildConfigurationList = 1114AEE0199E6FCB004BE887 /* Build configuration list for PBXNativeTarget "conferenceMateTests" */;
			buildPhases = (
				1114AECF199E6FCB004BE887 /* Sources */,
				1114AED0199E6FCB004BE887 /* Frameworks */,
				1114AED1199E6FCB004BE887 /* Resources */,
			);
			buildRules = (
			);
			dependencies = (
				1114AED5199E6FCB004BE887 /* PBXTargetDependency */,
			);
			name = conferenceMateTests;
			productName = conferenceMateTests;
			productReference = 1114AED3199E6FCB004BE887 /* conferenceMateTests.xctest */;
			productType = "com.apple.product-type.bundle.unit-test";
		};
/* End PBXNativeTarget section */

/* Begin PBXProject section */
		1114AEB4199E6FCB004BE887 /* Project object */ = {
			isa = PBXProject;
			attributes = {
				LastUpgradeCheck = 0600;
				ORGANIZATIONNAME = "Michał Ciesielski";
				TargetAttributes = {
					1114AEBB199E6FCB004BE887 = {
						CreatedOnToolsVersion = 6.0;
					};
					1114AED2199E6FCB004BE887 = {
						CreatedOnToolsVersion = 6.0;
						TestTargetID = 1114AEBB199E6FCB004BE887;
					};
				};
			};
			buildConfigurationList = 1114AEB7199E6FCB004BE887 /* Build configuration list for PBXProject "conferenceMate" */;
			compatibilityVersion = "Xcode 3.2";
			developmentRegion = English;
			hasScannedForEncodings = 0;
			knownRegions = (
				en,
				Base,
			);
			mainGroup = 1114AEB3199E6FCB004BE887;
			productRefGroup = 1114AEBD199E6FCB004BE887 /* Products */;
			projectDirPath = "";
			projectRoot = "";
			targets = (
				1114AEBB199E6FCB004BE887 /* conferenceMate */,
				1114AED2199E6FCB004BE887 /* conferenceMateTests */,
			);
		};
/* End PBXProject section */

/* Begin PBXResourcesBuildPhase section */
		1114AEBA199E6FCB004BE887 /* Resources */ = {
			isa = PBXResourcesBuildPhase;
			buildActionMask = 2147483647;
			files = (
				1114AECC199E6FCB004BE887 /* Main.storyboard in Resources */,
				1114AECE199E6FCB004BE887 /* Images.xcassets in Resources */,
			);
			runOnlyForDeploymentPostprocessing = 0;
		};
		1114AED1199E6FCB004BE887 /* Resources */ = {
			isa = PBXResourcesBuildPhase;
			buildActionMask = 2147483647;
			files = (
			);
			runOnlyForDeploymentPostprocessing = 0;
		};
/* End PBXResourcesBuildPhase section */

/* Begin PBXSourcesBuildPhase section */
		1114AEB8199E6FCB004BE887 /* Sources */ = {
			isa = PBXSourcesBuildPhase;
			buildActionMask = 2147483647;
			files = (
				1153181A19A01FFB00F4BA9A /* EventViewController.swift in Sources */,
				1114AEC5199E6FCB004BE887 /* conferenceMate.xcdatamodeld in Sources */,
				1114AEC2199E6FCB004BE887 /* AppDelegate.swift in Sources */,
				1114AEC7199E6FCB004BE887 /* ListOfConferencesViewController.swift in Sources */,
				1114AEC9199E6FCB004BE887 /* ConferenceViewController.swift in Sources */,
			);
			runOnlyForDeploymentPostprocessing = 0;
		};
		1114AECF199E6FCB004BE887 /* Sources */ = {
			isa = PBXSourcesBuildPhase;
			buildActionMask = 2147483647;
			files = (
				1114AEDA199E6FCB004BE887 /* conferenceMateTests.swift in Sources */,
			);
			runOnlyForDeploymentPostprocessing = 0;
		};
/* End PBXSourcesBuildPhase section */

/* Begin PBXTargetDependency section */
		1114AED5199E6FCB004BE887 /* PBXTargetDependency */ = {
			isa = PBXTargetDependency;
			target = 1114AEBB199E6FCB004BE887 /* conferenceMate */;
			targetProxy = 1114AED4199E6FCB004BE887 /* PBXContainerItemProxy */;
		};
/* End PBXTargetDependency section */

/* Begin PBXVariantGroup section */
		1114AECA199E6FCB004BE887 /* Main.storyboard */ = {
			isa = PBXVariantGroup;
			children = (
				1114AECB199E6FCB004BE887 /* Base */,
			);
			name = Main.storyboard;
			sourceTree = "<group>";
		};
/* End PBXVariantGroup section */

/* Begin XCBuildConfiguration section */
		1114AEDB199E6FCB004BE887 /* Debug */ = {
			isa = XCBuildConfiguration;
			buildSettings = {
				ALWAYS_SEARCH_USER_PATHS = NO;
				CLANG_CXX_LANGUAGE_STANDARD = "gnu++0x";
				CLANG_CXX_LIBRARY = "libc++";
				CLANG_ENABLE_MODULES = YES;
				CLANG_ENABLE_OBJC_ARC = YES;
				CLANG_WARN_BOOL_CONVERSION = YES;
				CLANG_WARN_CONSTANT_CONVERSION = YES;
				CLANG_WARN_DIRECT_OBJC_ISA_USAGE = YES_ERROR;
				CLANG_WARN_EMPTY_BODY = YES;
				CLANG_WARN_ENUM_CONVERSION = YES;
				CLANG_WARN_INT_CONVERSION = YES;
				CLANG_WARN_OBJC_ROOT_CLASS = YES_ERROR;
				CLANG_WARN_UNREACHABLE_CODE = YES;
				CLANG_WARN__DUPLICATE_METHOD_MATCH = YES;
				"CODE_SIGN_IDENTITY[sdk=iphoneos*]" = "iPhone Developer";
				COPY_PHASE_STRIP = NO;
				ENABLE_STRICT_OBJC_MSGSEND = YES;
				GCC_C_LANGUAGE_STANDARD = gnu99;
				GCC_DYNAMIC_NO_PIC = NO;
				GCC_OPTIMIZATION_LEVEL = 0;
				GCC_PREPROCESSOR_DEFINITIONS = (
					"DEBUG=1",
					"$(inherited)",
				);
				GCC_SYMBOLS_PRIVATE_EXTERN = NO;
				GCC_WARN_64_TO_32_BIT_CONVERSION = YES;
				GCC_WARN_ABOUT_RETURN_TYPE = YES_ERROR;
				GCC_WARN_UNDECLARED_SELECTOR = YES;
				GCC_WARN_UNINITIALIZED_AUTOS = YES_AGGRESSIVE;
				GCC_WARN_UNUSED_FUNCTION = YES;
				GCC_WARN_UNUSED_VARIABLE = YES;
				IPHONEOS_DEPLOYMENT_TARGET = 8.0;
				METAL_ENABLE_DEBUG_INFO = YES;
				ONLY_ACTIVE_ARCH = YES;
				SDKROOT = iphoneos;
				SWIFT_OPTIMIZATION_LEVEL = "-Onone";
			};
			name = Debug;
		};
		1114AEDC199E6FCB004BE887 /* Release */ = {
			isa = XCBuildConfiguration;
			buildSettings = {
				ALWAYS_SEARCH_USER_PATHS = NO;
				CLANG_CXX_LANGUAGE_STANDARD = "gnu++0x";
				CLANG_CXX_LIBRARY = "libc++";
				CLANG_ENABLE_MODULES = YES;
				CLANG_ENABLE_OBJC_ARC = YES;
				CLANG_WARN_BOOL_CONVERSION = YES;
				CLANG_WARN_CONSTANT_CONVERSION = YES;
				CLANG_WARN_DIRECT_OBJC_ISA_USAGE = YES_ERROR;
				CLANG_WARN_EMPTY_BODY = YES;
				CLANG_WARN_ENUM_CONVERSION = YES;
				CLANG_WARN_INT_CONVERSION = YES;
				CLANG_WARN_OBJC_ROOT_CLASS = YES_ERROR;
				CLANG_WARN_UNREACHABLE_CODE = YES;
				CLANG_WARN__DUPLICATE_METHOD_MATCH = YES;
				"CODE_SIGN_IDENTITY[sdk=iphoneos*]" = "iPhone Developer";
				COPY_PHASE_STRIP = YES;
				ENABLE_NS_ASSERTIONS = NO;
				ENABLE_STRICT_OBJC_MSGSEND = YES;
				GCC_C_LANGUAGE_STANDARD = gnu99;
				GCC_WARN_64_TO_32_BIT_CONVERSION = YES;
				GCC_WARN_ABOUT_RETURN_TYPE = YES_ERROR;
				GCC_WARN_UNDECLARED_SELECTOR = YES;
				GCC_WARN_UNINITIALIZED_AUTOS = YES_AGGRESSIVE;
				GCC_WARN_UNUSED_FUNCTION = YES;
				GCC_WARN_UNUSED_VARIABLE = YES;
				IPHONEOS_DEPLOYMENT_TARGET = 8.0;
				METAL_ENABLE_DEBUG_INFO = NO;
				SDKROOT = iphoneos;
				VALIDATE_PRODUCT = YES;
			};
			name = Release;
		};
		1114AEDE199E6FCB004BE887 /* Debug */ = {
			isa = XCBuildConfiguration;
			buildSettings = {
				ASSETCATALOG_COMPILER_APPICON_NAME = AppIcon;
				ASSETCATALOG_COMPILER_LAUNCHIMAGE_NAME = LaunchImage;
				INFOPLIST_FILE = conferenceMate/Info.plist;
				LD_RUNPATH_SEARCH_PATHS = "$(inherited) @executable_path/Frameworks";
				PRODUCT_NAME = "$(TARGET_NAME)";
			};
			name = Debug;
		};
		1114AEDF199E6FCB004BE887 /* Release */ = {
			isa = XCBuildConfiguration;
			buildSettings = {
				ASSETCATALOG_COMPILER_APPICON_NAME = AppIcon;
				ASSETCATALOG_COMPILER_LAUNCHIMAGE_NAME = LaunchImage;
				INFOPLIST_FILE = conferenceMate/Info.plist;
				LD_RUNPATH_SEARCH_PATHS = "$(inherited) @executable_path/Frameworks";
				PRODUCT_NAME = "$(TARGET_NAME)";
			};
			name = Release;
		};
		1114AEE1199E6FCB004BE887 /* Debug */ = {
			isa = XCBuildConfiguration;
			buildSettings = {
				BUNDLE_LOADER = "$(BUILT_PRODUCTS_DIR)/conferenceMate.app/conferenceMate";
				FRAMEWORK_SEARCH_PATHS = (
					"$(SDKROOT)/Developer/Library/Frameworks",
					"$(inherited)",
				);
				GCC_PREPROCESSOR_DEFINITIONS = (
					"DEBUG=1",
					"$(inherited)",
				);
				INFOPLIST_FILE = conferenceMateTests/Info.plist;
				LD_RUNPATH_SEARCH_PATHS = "$(inherited) @executable_path/Frameworks @loader_path/Frameworks";
				METAL_ENABLE_DEBUG_INFO = YES;
				PRODUCT_NAME = "$(TARGET_NAME)";
				TEST_HOST = "$(BUNDLE_LOADER)";
			};
			name = Debug;
		};
		1114AEE2199E6FCB004BE887 /* Release */ = {
			isa = XCBuildConfiguration;
			buildSettings = {
				BUNDLE_LOADER = "$(BUILT_PRODUCTS_DIR)/conferenceMate.app/conferenceMate";
				FRAMEWORK_SEARCH_PATHS = (
					"$(SDKROOT)/Developer/Library/Frameworks",
					"$(inherited)",
				);
				INFOPLIST_FILE = conferenceMateTests/Info.plist;
				LD_RUNPATH_SEARCH_PATHS = "$(inherited) @executable_path/Frameworks @loader_path/Frameworks";
				METAL_ENABLE_DEBUG_INFO = NO;
				PRODUCT_NAME = "$(TARGET_NAME)";
				TEST_HOST = "$(BUNDLE_LOADER)";
			};
			name = Release;
		};
/* End XCBuildConfiguration section */

/* Begin XCConfigurationList section */
		1114AEB7199E6FCB004BE887 /* Build configuration list for PBXProject "conferenceMate" */ = {
			isa = XCConfigurationList;
			buildConfigurations = (
				1114AEDB199E6FCB004BE887 /* Debug */,
				1114AEDC199E6FCB004BE887 /* Release */,
			);
			defaultConfigurationIsVisible = 0;
			defaultConfigurationName = Release;
		};
		1114AEDD199E6FCB004BE887 /* Build configuration list for PBXNativeTarget "conferenceMate" */ = {
			isa = XCConfigurationList;
			buildConfigurations = (
				1114AEDE199E6FCB004BE887 /* Debug */,
				1114AEDF199E6FCB004BE887 /* Release */,
			);
			defaultConfigurationIsVisible = 0;
			defaultConfigurationName = Release;
		};
		1114AEE0199E6FCB004BE887 /* Build configuration list for PBXNativeTarget "conferenceMateTests" */ = {
			isa = XCConfigurationList;
			buildConfigurations = (
				1114AEE1199E6FCB004BE887 /* Debug */,
				1114AEE2199E6FCB004BE887 /* Release */,
			);
			defaultConfigurationIsVisible = 0;
			defaultConfigurationName = Release;
		};
/* End XCConfigurationList section */

/* Begin XCVersionGroup section */
		1114AEC3199E6FCB004BE887 /* conferenceMate.xcdatamodeld */ = {
			isa = XCVersionGroup;
			children = (
				1114AEC4199E6FCB004BE887 /* conferenceMate.xcdatamodel */,
			);
			currentVersion = 1114AEC4199E6FCB004BE887 /* conferenceMate.xcdatamodel */;
			path = conferenceMate.xcdatamodeld;
			sourceTree = "<group>";
			versionGroupType = wrapper.xcdatamodel;
		};
/* End XCVersionGroup section */
	};
	rootObject = 1114AEB4199E6FCB004BE887 /* Project object */;
}
